// !$*UTF8*$!
{
	archiveVersion = 1;
	classes = {
	};
	objectVersion = 55;
	objects = {

/* Begin PBXBuildFile section */
		903B507A281EF74900BB5B17 /* Extensions.swift in Sources */ = {isa = PBXBuildFile; fileRef = 903B5079281EF74900BB5B17 /* Extensions.swift */; };
		903B507C281F053300BB5B17 /* HeadlinePresenter.swift in Sources */ = {isa = PBXBuildFile; fileRef = 903B507B281F053300BB5B17 /* HeadlinePresenter.swift */; };
		903B507F281F095F00BB5B17 /* Router.swift in Sources */ = {isa = PBXBuildFile; fileRef = 903B507E281F095F00BB5B17 /* Router.swift */; };
		903B5082281F09F600BB5B17 /* Headline.swift in Sources */ = {isa = PBXBuildFile; fileRef = 903B5081281F09F600BB5B17 /* Headline.swift */; };
		903B5085281F22D500BB5B17 /* LoadingCell.swift in Sources */ = {isa = PBXBuildFile; fileRef = 903B5084281F22D500BB5B17 /* LoadingCell.swift */; };
		903B5087281F29F000BB5B17 /* ExpandedNews.swift in Sources */ = {isa = PBXBuildFile; fileRef = 903B5086281F29F000BB5B17 /* ExpandedNews.swift */; };
		903B508A281F2DA200BB5B17 /* CountryViewController.swift in Sources */ = {isa = PBXBuildFile; fileRef = 903B5089281F2DA200BB5B17 /* CountryViewController.swift */; };
		90426C24281D82EC00D2D73B /* AppDelegate.swift in Sources */ = {isa = PBXBuildFile; fileRef = 90426C23281D82EC00D2D73B /* AppDelegate.swift */; };
		90426C26281D82EC00D2D73B /* SceneDelegate.swift in Sources */ = {isa = PBXBuildFile; fileRef = 90426C25281D82EC00D2D73B /* SceneDelegate.swift */; };
		90426C28281D82EC00D2D73B /* ViewController.swift in Sources */ = {isa = PBXBuildFile; fileRef = 90426C27281D82EC00D2D73B /* ViewController.swift */; };
		90426C2D281D82EF00D2D73B /* Assets.xcassets in Resources */ = {isa = PBXBuildFile; fileRef = 90426C2C281D82EF00D2D73B /* Assets.xcassets */; };
		90426C3A281D893C00D2D73B /* NetworkRequest.swift in Sources */ = {isa = PBXBuildFile; fileRef = 90426C39281D893C00D2D73B /* NetworkRequest.swift */; };
		904D90BC281F81A90099E7A5 /* NewsTableView.swift in Sources */ = {isa = PBXBuildFile; fileRef = 904D90BB281F81A90099E7A5 /* NewsTableView.swift */; };
		904D90BF281F882E0099E7A5 /* Protocols.swift in Sources */ = {isa = PBXBuildFile; fileRef = 904D90BE281F882E0099E7A5 /* Protocols.swift */; };
		904D90C1281F88590099E7A5 /* NewsTabviewController.swift in Sources */ = {isa = PBXBuildFile; fileRef = 904D90C0281F88590099E7A5 /* NewsTabviewController.swift */; };
		904D90C4281F9A4E0099E7A5 /* SearchViewController.swift in Sources */ = {isa = PBXBuildFile; fileRef = 904D90C3281F9A4E0099E7A5 /* SearchViewController.swift */; };
/* End PBXBuildFile section */

/* Begin PBXFileReference section */
		903B5079281EF74900BB5B17 /* Extensions.swift */ = {isa = PBXFileReference; lastKnownFileType = sourcecode.swift; path = Extensions.swift; sourceTree = "<group>"; };
		903B507B281F053300BB5B17 /* HeadlinePresenter.swift */ = {isa = PBXFileReference; lastKnownFileType = sourcecode.swift; path = HeadlinePresenter.swift; sourceTree = "<group>"; };
		903B507E281F095F00BB5B17 /* Router.swift */ = {isa = PBXFileReference; lastKnownFileType = sourcecode.swift; path = Router.swift; sourceTree = "<group>"; };
		903B5081281F09F600BB5B17 /* Headline.swift */ = {isa = PBXFileReference; lastKnownFileType = sourcecode.swift; path = Headline.swift; sourceTree = "<group>"; };
		903B5084281F22D500BB5B17 /* LoadingCell.swift */ = {isa = PBXFileReference; lastKnownFileType = sourcecode.swift; path = LoadingCell.swift; sourceTree = "<group>"; };
		903B5086281F29F000BB5B17 /* ExpandedNews.swift */ = {isa = PBXFileReference; lastKnownFileType = sourcecode.swift; path = ExpandedNews.swift; sourceTree = "<group>"; };
		903B5089281F2DA200BB5B17 /* CountryViewController.swift */ = {isa = PBXFileReference; lastKnownFileType = sourcecode.swift; path = CountryViewController.swift; sourceTree = "<group>"; };
		90426C20281D82EC00D2D73B /* NewsApp.app */ = {isa = PBXFileReference; explicitFileType = wrapper.application; includeInIndex = 0; path = NewsApp.app; sourceTree = BUILT_PRODUCTS_DIR; };
		90426C23281D82EC00D2D73B /* AppDelegate.swift */ = {isa = PBXFileReference; lastKnownFileType = sourcecode.swift; path = AppDelegate.swift; sourceTree = "<group>"; };
		90426C25281D82EC00D2D73B /* SceneDelegate.swift */ = {isa = PBXFileReference; lastKnownFileType = sourcecode.swift; path = SceneDelegate.swift; sourceTree = "<group>"; };
		90426C27281D82EC00D2D73B /* ViewController.swift */ = {isa = PBXFileReference; lastKnownFileType = sourcecode.swift; path = ViewController.swift; sourceTree = "<group>"; };
		90426C2C281D82EF00D2D73B /* Assets.xcassets */ = {isa = PBXFileReference; lastKnownFileType = folder.assetcatalog; path = Assets.xcassets; sourceTree = "<group>"; };
		90426C31281D82EF00D2D73B /* Info.plist */ = {isa = PBXFileReference; lastKnownFileType = text.plist.xml; path = Info.plist; sourceTree = "<group>"; };
		90426C39281D893C00D2D73B /* NetworkRequest.swift */ = {isa = PBXFileReference; lastKnownFileType = sourcecode.swift; path = NetworkRequest.swift; sourceTree = "<group>"; };
		904D90BB281F81A90099E7A5 /* NewsTableView.swift */ = {isa = PBXFileReference; lastKnownFileType = sourcecode.swift; path = NewsTableView.swift; sourceTree = "<group>"; };
		904D90BE281F882E0099E7A5 /* Protocols.swift */ = {isa = PBXFileReference; lastKnownFileType = sourcecode.swift; path = Protocols.swift; sourceTree = "<group>"; };
		904D90C0281F88590099E7A5 /* NewsTabviewController.swift */ = {isa = PBXFileReference; lastKnownFileType = sourcecode.swift; path = NewsTabviewController.swift; sourceTree = "<group>"; };
		904D90C3281F9A4E0099E7A5 /* SearchViewController.swift */ = {isa = PBXFileReference; lastKnownFileType = sourcecode.swift; path = SearchViewController.swift; sourceTree = "<group>"; };
/* End PBXFileReference section */

/* Begin PBXFrameworksBuildPhase section */
		90426C1D281D82EC00D2D73B /* Frameworks */ = {
			isa = PBXFrameworksBuildPhase;
			buildActionMask = 2147483647;
			files = (
			);
			runOnlyForDeploymentPostprocessing = 0;
		};
/* End PBXFrameworksBuildPhase section */

/* Begin PBXGroup section */
		903B5078281EF48000BB5B17 /* Presenter */ = {
			isa = PBXGroup;
			children = (
				903B507B281F053300BB5B17 /* HeadlinePresenter.swift */,
			);
			path = Presenter;
			sourceTree = "<group>";
		};
		903B507D281F095000BB5B17 /* Router */ = {
			isa = PBXGroup;
			children = (
				903B507E281F095F00BB5B17 /* Router.swift */,
			);
			path = Router;
			sourceTree = "<group>";
		};
		903B5080281F09EA00BB5B17 /* Entity */ = {
			isa = PBXGroup;
			children = (
				903B5081281F09F600BB5B17 /* Headline.swift */,
			);
			path = Entity;
			sourceTree = "<group>";
		};
		903B5083281F22BD00BB5B17 /* Headline */ = {
			isa = PBXGroup;
			children = (
				90426C27281D82EC00D2D73B /* ViewController.swift */,
				903B5086281F29F000BB5B17 /* ExpandedNews.swift */,
			);
			path = Headline;
			sourceTree = "<group>";
		};
		903B5088281F2D9100BB5B17 /* Country */ = {
			isa = PBXGroup;
			children = (
				903B5089281F2DA200BB5B17 /* CountryViewController.swift */,
			);
			path = Country;
			sourceTree = "<group>";
		};
		90426C17281D82EC00D2D73B = {
			isa = PBXGroup;
			children = (
				90426C22281D82EC00D2D73B /* NewsApp */,
				90426C21281D82EC00D2D73B /* Products */,
			);
			sourceTree = "<group>";
		};
		90426C21281D82EC00D2D73B /* Products */ = {
			isa = PBXGroup;
			children = (
				90426C20281D82EC00D2D73B /* NewsApp.app */,
			);
			name = Products;
			sourceTree = "<group>";
		};
		90426C22281D82EC00D2D73B /* NewsApp */ = {
			isa = PBXGroup;
			children = (
				904D90BD281F88190099E7A5 /* Protocols */,
				903B5080281F09EA00BB5B17 /* Entity */,
				903B507D281F095000BB5B17 /* Router */,
				903B5078281EF48000BB5B17 /* Presenter */,
				90426C38281D853600D2D73B /* Interactor */,
				90426C37281D852C00D2D73B /* View */,
				90426C23281D82EC00D2D73B /* AppDelegate.swift */,
				90426C25281D82EC00D2D73B /* SceneDelegate.swift */,
				90426C2C281D82EF00D2D73B /* Assets.xcassets */,
				90426C31281D82EF00D2D73B /* Info.plist */,
			);
			path = NewsApp;
			sourceTree = "<group>";
		};
		90426C37281D852C00D2D73B /* View */ = {
			isa = PBXGroup;
			children = (
				904D90C2281F9A400099E7A5 /* Search */,
				904D90BA281F81940099E7A5 /* TableView */,
				903B5088281F2D9100BB5B17 /* Country */,
				903B5084281F22D500BB5B17 /* LoadingCell.swift */,
				903B5083281F22BD00BB5B17 /* Headline */,
				903B5079281EF74900BB5B17 /* Extensions.swift */,
				904D90C0281F88590099E7A5 /* NewsTabviewController.swift */,
			);
			path = View;
			sourceTree = "<group>";
		};
		90426C38281D853600D2D73B /* Interactor */ = {
			isa = PBXGroup;
			children = (
				90426C39281D893C00D2D73B /* NetworkRequest.swift */,
			);
			path = Interactor;
			sourceTree = "<group>";
		};
		904D90BA281F81940099E7A5 /* TableView */ = {
			isa = PBXGroup;
			children = (
				904D90BB281F81A90099E7A5 /* NewsTableView.swift */,
			);
			path = TableView;
			sourceTree = "<group>";
		};
		904D90BD281F88190099E7A5 /* Protocols */ = {
			isa = PBXGroup;
			children = (
				904D90BE281F882E0099E7A5 /* Protocols.swift */,
			);
			path = Protocols;
			sourceTree = "<group>";
		};
		904D90C2281F9A400099E7A5 /* Search */ = {
			isa = PBXGroup;
			children = (
				904D90C3281F9A4E0099E7A5 /* SearchViewController.swift */,
			);
			path = Search;
			sourceTree = "<group>";
		};
/* End PBXGroup section */

/* Begin PBXNativeTarget section */
		90426C1F281D82EC00D2D73B /* NewsApp */ = {
			isa = PBXNativeTarget;
			buildConfigurationList = 90426C34281D82EF00D2D73B /* Build configuration list for PBXNativeTarget "NewsApp" */;
			buildPhases = (
				90426C1C281D82EC00D2D73B /* Sources */,
				90426C1D281D82EC00D2D73B /* Frameworks */,
				90426C1E281D82EC00D2D73B /* Resources */,
			);
			buildRules = (
			);
			dependencies = (
			);
			name = NewsApp;
			productName = NewsApp;
			productReference = 90426C20281D82EC00D2D73B /* NewsApp.app */;
			productType = "com.apple.product-type.application";
		};
/* End PBXNativeTarget section */

/* Begin PBXProject section */
		90426C18281D82EC00D2D73B /* Project object */ = {
			isa = PBXProject;
			attributes = {
				BuildIndependentTargetsInParallel = 1;
				LastSwiftUpdateCheck = 1330;
				LastUpgradeCheck = 1330;
				TargetAttributes = {
					90426C1F281D82EC00D2D73B = {
						CreatedOnToolsVersion = 13.3.1;
					};
				};
			};
			buildConfigurationList = 90426C1B281D82EC00D2D73B /* Build configuration list for PBXProject "NewsApp" */;
			compatibilityVersion = "Xcode 13.0";
			developmentRegion = en;
			hasScannedForEncodings = 0;
			knownRegions = (
				en,
				Base,
			);
			mainGroup = 90426C17281D82EC00D2D73B;
			productRefGroup = 90426C21281D82EC00D2D73B /* Products */;
			projectDirPath = "";
			projectRoot = "";
			targets = (
				90426C1F281D82EC00D2D73B /* NewsApp */,
			);
		};
/* End PBXProject section */

/* Begin PBXResourcesBuildPhase section */
		90426C1E281D82EC00D2D73B /* Resources */ = {
			isa = PBXResourcesBuildPhase;
			buildActionMask = 2147483647;
			files = (
				90426C2D281D82EF00D2D73B /* Assets.xcassets in Resources */,
			);
			runOnlyForDeploymentPostprocessing = 0;
		};
/* End PBXResourcesBuildPhase section */

/* Begin PBXSourcesBuildPhase section */
		90426C1C281D82EC00D2D73B /* Sources */ = {
			isa = PBXSourcesBuildPhase;
			buildActionMask = 2147483647;
			files = (
				904D90C4281F9A4E0099E7A5 /* SearchViewController.swift in Sources */,
				903B507A281EF74900BB5B17 /* Extensions.swift in Sources */,
				903B5087281F29F000BB5B17 /* ExpandedNews.swift in Sources */,
				904D90BC281F81A90099E7A5 /* NewsTableView.swift in Sources */,
				904D90C1281F88590099E7A5 /* NewsTabviewController.swift in Sources */,
				903B508A281F2DA200BB5B17 /* CountryViewController.swift in Sources */,
				90426C28281D82EC00D2D73B /* ViewController.swift in Sources */,
				90426C24281D82EC00D2D73B /* AppDelegate.swift in Sources */,
				903B5082281F09F600BB5B17 /* Headline.swift in Sources */,
				903B507F281F095F00BB5B17 /* Router.swift in Sources */,
				90426C3A281D893C00D2D73B /* NetworkRequest.swift in Sources */,
				904D90BF281F882E0099E7A5 /* Protocols.swift in Sources */,
				903B5085281F22D500BB5B17 /* LoadingCell.swift in Sources */,
				903B507C281F053300BB5B17 /* HeadlinePresenter.swift in Sources */,
				90426C26281D82EC00D2D73B /* SceneDelegate.swift in Sources */,
			);
			runOnlyForDeploymentPostprocessing = 0;
		};
/* End PBXSourcesBuildPhase section */

/* Begin XCBuildConfiguration section */
		90426C32281D82EF00D2D73B /* Debug */ = {
			isa = XCBuildConfiguration;
			buildSettings = {
				ALWAYS_SEARCH_USER_PATHS = NO;
				CLANG_ANALYZER_NONNULL = YES;
				CLANG_ANALYZER_NUMBER_OBJECT_CONVERSION = YES_AGGRESSIVE;
				CLANG_CXX_LANGUAGE_STANDARD = "gnu++17";
				CLANG_ENABLE_MODULES = YES;
				CLANG_ENABLE_OBJC_ARC = YES;
				CLANG_ENABLE_OBJC_WEAK = YES;
				CLANG_WARN_BLOCK_CAPTURE_AUTORELEASING = YES;
				CLANG_WARN_BOOL_CONVERSION = YES;
				CLANG_WARN_COMMA = YES;
				CLANG_WARN_CONSTANT_CONVERSION = YES;
				CLANG_WARN_DEPRECATED_OBJC_IMPLEMENTATIONS = YES;
				CLANG_WARN_DIRECT_OBJC_ISA_USAGE = YES_ERROR;
				CLANG_WARN_DOCUMENTATION_COMMENTS = YES;
				CLANG_WARN_EMPTY_BODY = YES;
				CLANG_WARN_ENUM_CONVERSION = YES;
				CLANG_WARN_INFINITE_RECURSION = YES;
				CLANG_WARN_INT_CONVERSION = YES;
				CLANG_WARN_NON_LITERAL_NULL_CONVERSION = YES;
				CLANG_WARN_OBJC_IMPLICIT_RETAIN_SELF = YES;
				CLANG_WARN_OBJC_LITERAL_CONVERSION = YES;
				CLANG_WARN_OBJC_ROOT_CLASS = YES_ERROR;
				CLANG_WARN_QUOTED_INCLUDE_IN_FRAMEWORK_HEADER = YES;
				CLANG_WARN_RANGE_LOOP_ANALYSIS = YES;
				CLANG_WARN_STRICT_PROTOTYPES = YES;
				CLANG_WARN_SUSPICIOUS_MOVE = YES;
				CLANG_WARN_UNGUARDED_AVAILABILITY = YES_AGGRESSIVE;
				CLANG_WARN_UNREACHABLE_CODE = YES;
				CLANG_WARN__DUPLICATE_METHOD_MATCH = YES;
				COPY_PHASE_STRIP = NO;
				DEBUG_INFORMATION_FORMAT = dwarf;
				ENABLE_STRICT_OBJC_MSGSEND = YES;
				ENABLE_TESTABILITY = YES;
				GCC_C_LANGUAGE_STANDARD = gnu11;
				GCC_DYNAMIC_NO_PIC = NO;
				GCC_NO_COMMON_BLOCKS = YES;
				GCC_OPTIMIZATION_LEVEL = 0;
				GCC_PREPROCESSOR_DEFINITIONS = (
					"DEBUG=1",
					"$(inherited)",
				);
				GCC_WARN_64_TO_32_BIT_CONVERSION = YES;
				GCC_WARN_ABOUT_RETURN_TYPE = YES_ERROR;
				GCC_WARN_UNDECLARED_SELECTOR = YES;
				GCC_WARN_UNINITIALIZED_AUTOS = YES_AGGRESSIVE;
				GCC_WARN_UNUSED_FUNCTION = YES;
				GCC_WARN_UNUSED_VARIABLE = YES;
				IPHONEOS_DEPLOYMENT_TARGET = 15.4;
				MTL_ENABLE_DEBUG_INFO = INCLUDE_SOURCE;
				MTL_FAST_MATH = YES;
				ONLY_ACTIVE_ARCH = YES;
				SDKROOT = iphoneos;
				SWIFT_ACTIVE_COMPILATION_CONDITIONS = DEBUG;
				SWIFT_OPTIMIZATION_LEVEL = "-Onone";
			};
			name = Debug;
		};
		90426C33281D82EF00D2D73B /* Release */ = {
			isa = XCBuildConfiguration;
			buildSettings = {
				ALWAYS_SEARCH_USER_PATHS = NO;
				CLANG_ANALYZER_NONNULL = YES;
				CLANG_ANALYZER_NUMBER_OBJECT_CONVERSION = YES_AGGRESSIVE;
				CLANG_CXX_LANGUAGE_STANDARD = "gnu++17";
				CLANG_ENABLE_MODULES = YES;
				CLANG_ENABLE_OBJC_ARC = YES;
				CLANG_ENABLE_OBJC_WEAK = YES;
				CLANG_WARN_BLOCK_CAPTURE_AUTORELEASING = YES;
				CLANG_WARN_BOOL_CONVERSION = YES;
				CLANG_WARN_COMMA = YES;
				CLANG_WARN_CONSTANT_CONVERSION = YES;
				CLANG_WARN_DEPRECATED_OBJC_IMPLEMENTATIONS = YES;
				CLANG_WARN_DIRECT_OBJC_ISA_USAGE = YES_ERROR;
				CLANG_WARN_DOCUMENTATION_COMMENTS = YES;
				CLANG_WARN_EMPTY_BODY = YES;
				CLANG_WARN_ENUM_CONVERSION = YES;
				CLANG_WARN_INFINITE_RECURSION = YES;
				CLANG_WARN_INT_CONVERSION = YES;
				CLANG_WARN_NON_LITERAL_NULL_CONVERSION = YES;
				CLANG_WARN_OBJC_IMPLICIT_RETAIN_SELF = YES;
				CLANG_WARN_OBJC_LITERAL_CONVERSION = YES;
				CLANG_WARN_OBJC_ROOT_CLASS = YES_ERROR;
				CLANG_WARN_QUOTED_INCLUDE_IN_FRAMEWORK_HEADER = YES;
				CLANG_WARN_RANGE_LOOP_ANALYSIS = YES;
				CLANG_WARN_STRICT_PROTOTYPES = YES;
				CLANG_WARN_SUSPICIOUS_MOVE = YES;
				CLANG_WARN_UNGUARDED_AVAILABILITY = YES_AGGRESSIVE;
				CLANG_WARN_UNREACHABLE_CODE = YES;
				CLANG_WARN__DUPLICATE_METHOD_MATCH = YES;
				COPY_PHASE_STRIP = NO;
				DEBUG_INFORMATION_FORMAT = "dwarf-with-dsym";
				ENABLE_NS_ASSERTIONS = NO;
				ENABLE_STRICT_OBJC_MSGSEND = YES;
				GCC_C_LANGUAGE_STANDARD = gnu11;
				GCC_NO_COMMON_BLOCKS = YES;
				GCC_WARN_64_TO_32_BIT_CONVERSION = YES;
				GCC_WARN_ABOUT_RETURN_TYPE = YES_ERROR;
				GCC_WARN_UNDECLARED_SELECTOR = YES;
				GCC_WARN_UNINITIALIZED_AUTOS = YES_AGGRESSIVE;
				GCC_WARN_UNUSED_FUNCTION = YES;
				GCC_WARN_UNUSED_VARIABLE = YES;
				IPHONEOS_DEPLOYMENT_TARGET = 15.4;
				MTL_ENABLE_DEBUG_INFO = NO;
				MTL_FAST_MATH = YES;
				SDKROOT = iphoneos;
				SWIFT_COMPILATION_MODE = wholemodule;
				SWIFT_OPTIMIZATION_LEVEL = "-O";
				VALIDATE_PRODUCT = YES;
			};
			name = Release;
		};
		90426C35281D82EF00D2D73B /* Debug */ = {
			isa = XCBuildConfiguration;
			buildSettings = {
				ASSETCATALOG_COMPILER_APPICON_NAME = AppIcon;
				ASSETCATALOG_COMPILER_GLOBAL_ACCENT_COLOR_NAME = AccentColor;
				CODE_SIGN_STYLE = Automatic;
				CURRENT_PROJECT_VERSION = 1;
				DEVELOPMENT_TEAM = 66F5T897X5;
				GENERATE_INFOPLIST_FILE = YES;
				INFOPLIST_FILE = NewsApp/Info.plist;
				INFOPLIST_KEY_UIApplicationSupportsIndirectInputEvents = YES;
				INFOPLIST_KEY_UILaunchStoryboardName = LaunchScreen;
				INFOPLIST_KEY_UISupportedInterfaceOrientations_iPad = "UIInterfaceOrientationPortrait UIInterfaceOrientationPortraitUpsideDown UIInterfaceOrientationLandscapeLeft UIInterfaceOrientationLandscapeRight";
				INFOPLIST_KEY_UISupportedInterfaceOrientations_iPhone = "UIInterfaceOrientationPortrait UIInterfaceOrientationLandscapeLeft UIInterfaceOrientationLandscapeRight";
				LD_RUNPATH_SEARCH_PATHS = (
					"$(inherited)",
					"@executable_path/Frameworks",
				);
				MARKETING_VERSION = 1.0;
				PRODUCT_BUNDLE_IDENTIFIER = Com.kp.NewsApp;
				PRODUCT_NAME = "$(TARGET_NAME)";
				SWIFT_EMIT_LOC_STRINGS = YES;
				SWIFT_VERSION = 5.0;
				TARGETED_DEVICE_FAMILY = "1,2";
			};
			name = Debug;
		};
		90426C36281D82EF00D2D73B /* Release */ = {
			isa = XCBuildConfiguration;
			buildSettings = {
				ASSETCATALOG_COMPILER_APPICON_NAME = AppIcon;
				ASSETCATALOG_COMPILER_GLOBAL_ACCENT_COLOR_NAME = AccentColor;
				CODE_SIGN_STYLE = Automatic;
				CURRENT_PROJECT_VERSION = 1;
				DEVELOPMENT_TEAM = 66F5T897X5;
				GENERATE_INFOPLIST_FILE = YES;
				INFOPLIST_FILE = NewsApp/Info.plist;
				INFOPLIST_KEY_UIApplicationSupportsIndirectInputEvents = YES;
				INFOPLIST_KEY_UILaunchStoryboardName = LaunchScreen;
				INFOPLIST_KEY_UISupportedInterfaceOrientations_iPad = "UIInterfaceOrientationPortrait UIInterfaceOrientationPortraitUpsideDown UIInterfaceOrientationLandscapeLeft UIInterfaceOrientationLandscapeRight";
				INFOPLIST_KEY_UISupportedInterfaceOrientations_iPhone = "UIInterfaceOrientationPortrait UIInterfaceOrientationLandscapeLeft UIInterfaceOrientationLandscapeRight";
				LD_RUNPATH_SEARCH_PATHS = (
					"$(inherited)",
					"@executable_path/Frameworks",
				);
				MARKETING_VERSION = 1.0;
				PRODUCT_BUNDLE_IDENTIFIER = Com.kp.NewsApp;
				PRODUCT_NAME = "$(TARGET_NAME)";
				SWIFT_EMIT_LOC_STRINGS = YES;
				SWIFT_VERSION = 5.0;
				TARGETED_DEVICE_FAMILY = "1,2";
			};
			name = Release;
		};
/* End XCBuildConfiguration section */

/* Begin XCConfigurationList section */
		90426C1B281D82EC00D2D73B /* Build configuration list for PBXProject "NewsApp" */ = {
			isa = XCConfigurationList;
			buildConfigurations = (
				90426C32281D82EF00D2D73B /* Debug */,
				90426C33281D82EF00D2D73B /* Release */,
			);
			defaultConfigurationIsVisible = 0;
			defaultConfigurationName = Release;
		};
		90426C34281D82EF00D2D73B /* Build configuration list for PBXNativeTarget "NewsApp" */ = {
			isa = XCConfigurationList;
			buildConfigurations = (
				90426C35281D82EF00D2D73B /* Debug */,
				90426C36281D82EF00D2D73B /* Release */,
			);
			defaultConfigurationIsVisible = 0;
			defaultConfigurationName = Release;
		};
/* End XCConfigurationList section */
	};
	rootObject = 90426C18281D82EC00D2D73B /* Project object */;
}
